
Microsoft Visual Studio Solution File, Format Version 12.00
# Visual Studio 14
VisualStudioVersion = 14.0.25420.1
MinimumVisualStudioVersion = 10.0.40219.1
Project("{FAE04EC0-301F-11D3-BF4B-00C04F79EFBC}") = "ESol", "WindowsFormsApplication3\ESol.csproj", "{08F6ACF5-CF92-4B3E-A092-19293D5CABE3}"
EndProject
Project("{54435603-DBB4-11D2-8724-00A0C9A8B90C}") = "E Sol", "E Sol\E Sol.vdproj", "{EFC273E5-81AF-4CBB-8B34-2E84AA566248}"
EndProject
Global
	GlobalSection(SolutionConfigurationPlatforms) = preSolution
		Debug|Any CPU = Debug|Any CPU
		Release|Any CPU = Release|Any CPU
	EndGlobalSection
	GlobalSection(ProjectConfigurationPlatforms) = postSolution
		{08F6ACF5-CF92-4B3E-A092-19293D5CABE3}.Debug|Any CPU.ActiveCfg = Debug|Any CPU
		{08F6ACF5-CF92-4B3E-A092-19293D5CABE3}.Debug|Any CPU.Build.0 = Debug|Any CPU
		{08F6ACF5-CF92-4B3E-A092-19293D5CABE3}.Release|Any CPU.ActiveCfg = Release|Any CPU
		{08F6ACF5-CF92-4B3E-A092-19293D5CABE3}.Release|Any CPU.Build.0 = Release|Any CPU
		{EFC273E5-81AF-4CBB-8B34-2E84AA566248}.Debug|Any CPU.ActiveCfg = Debug
		{EFC273E5-81AF-4CBB-8B34-2E84AA566248}.Release|Any CPU.ActiveCfg = Release
	EndGlobalSection
	GlobalSection(SolutionProperties) = preSolution
		HideSolutionNode = FALSE
	EndGlobalSection
EndGlobal
